
Microsoft Visual Studio Solution File, Format Version 12.00
# Visual Studio Version 17
VisualStudioVersion = 17.4.33213.308
MinimumVisualStudioVersion = 10.0.40219.1
Project("{FAE04EC0-301F-11D3-BF4B-00C04F79EFBC}") = "PostService", "PostService\PostService.csproj", "{BB6B3475-8AAF-40CE-83AA-5B996CE1E662}"
EndProject
Project("{FAE04EC0-301F-11D3-BF4B-00C04F79EFBC}") = "CommentService", "CommentService\CommentService.csproj", "{0BD34607-5373-4A36-910D-47AF8B217A91}"
EndProject
Global
	GlobalSection(SolutionConfigurationPlatforms) = preSolution
		Debug|Any CPU = Debug|Any CPU
		Release|Any CPU = Release|Any CPU
	EndGlobalSection
	GlobalSection(ProjectConfigurationPlatforms) = postSolution
		{BB6B3475-8AAF-40CE-83AA-5B996CE1E662}.Debug|Any CPU.ActiveCfg = Debug|Any CPU
		{BB6B3475-8AAF-40CE-83AA-5B996CE1E662}.Debug|Any CPU.Build.0 = Debug|Any CPU
		{BB6B3475-8AAF-40CE-83AA-5B996CE1E662}.Release|Any CPU.ActiveCfg = Release|Any CPU
		{BB6B3475-8AAF-40CE-83AA-5B996CE1E662}.Release|Any CPU.Build.0 = Release|Any CPU
		{0BD34607-5373-4A36-910D-47AF8B217A91}.Debug|Any CPU.ActiveCfg = Debug|Any CPU
		{0BD34607-5373-4A36-910D-47AF8B217A91}.Debug|Any CPU.Build.0 = Debug|Any CPU
		{0BD34607-5373-4A36-910D-47AF8B217A91}.Release|Any CPU.ActiveCfg = Release|Any CPU
		{0BD34607-5373-4A36-910D-47AF8B217A91}.Release|Any CPU.Build.0 = Release|Any CPU
	EndGlobalSection
	GlobalSection(SolutionProperties) = preSolution
		HideSolutionNode = FALSE
	EndGlobalSection
	GlobalSection(ExtensibilityGlobals) = postSolution
		SolutionGuid = {E1F1C26C-CD76-488D-8268-5F202151A5A6}
	EndGlobalSection
EndGlobal
